github.com/ralvarezdev/go-flags v0.3.1 h1:YxGYUonmr0dwJL+9oDY/4GqCl1CYwYDJExpGXXMc9rU=
github.com/ralvarezdev/go-flags v0.3.1/go.mod h1:R3yVBYvzwqfOp26LidaiJ/zftVAnPC3pKunVpV/vosE=
github.com/ralvarezdev/go-logger v0.4.4 h1:EHibl8vrZMtpTp+cBgOYS3IFredFwjMLBfSvZNvCtWU=
github.com/ralvarezdev/go-logger v0.4.4/go.mod h1:oOZtH3SM9tyvfxeJi0dnDEYPPM+ZZ07ItVv2bPawyPk=
